
Microsoft Visual Studio Solution File, Format Version 12.00
Project("{FAE04EC0-301F-11D3-BF4B-00C04F79EFBC}") = "TodoDiet.Api", "TodoDiet.Api\TodoDiet.Api.csproj", "{127703A0-9AC8-4666-A4AB-3F77855D58C6}"
EndProject
Global
	GlobalSection(SolutionConfigurationPlatforms) = preSolution
		Debug|Any CPU = Debug|Any CPU
		Release|Any CPU = Release|Any CPU
	EndGlobalSection
	GlobalSection(ProjectConfigurationPlatforms) = postSolution
		{127703A0-9AC8-4666-A4AB-3F77855D58C6}.Debug|Any CPU.ActiveCfg = Debug|Any CPU
		{127703A0-9AC8-4666-A4AB-3F77855D58C6}.Debug|Any CPU.Build.0 = Debug|Any CPU
		{127703A0-9AC8-4666-A4AB-3F77855D58C6}.Release|Any CPU.ActiveCfg = Release|Any CPU
		{127703A0-9AC8-4666-A4AB-3F77855D58C6}.Release|Any CPU.Build.0 = Release|Any CPU
	EndGlobalSection
EndGlobal
